
Microsoft Visual Studio Solution File, Format Version 12.00
# Visual Studio 15
VisualStudioVersion = 15.0.28307.438
MinimumVisualStudioVersion = 10.0.40219.1
Project("{FAE04EC0-301F-11D3-BF4B-00C04F79EFBC}") = "Kaspichan", "Preparation\Kaspichan.csproj", "{0F5F277E-3D35-43FB-AD0F-78D156922D8D}"
EndProject
Project("{FAE04EC0-301F-11D3-BF4B-00C04F79EFBC}") = "Kitten", "Kitten\Kitten.csproj", "{32A477CE-3D78-4039-A169-827CAD17B802}"
EndProject
Project("{FAE04EC0-301F-11D3-BF4B-00C04F79EFBC}") = "AllocateArray", "AllocateArray\AllocateArray.csproj", "{D9B8C418-0DF5-4DB5-807F-2C8CC131F207}"
EndProject
Project("{FAE04EC0-301F-11D3-BF4B-00C04F79EFBC}") = "BiggestPrimeNumber", "BiggestPrimeNumber\BiggestPrimeNumber.csproj", "{9433BCBF-758B-4B6B-BA21-1C73DAC144B4}"
EndProject
Project("{FAE04EC0-301F-11D3-BF4B-00C04F79EFBC}") = "MaxSumofKelements", "MaxSumofKelements\MaxSumofKelements.csproj", "{A7A4BDD1-0D49-42C0-B891-988697F28D39}"
EndProject
Project("{FAE04EC0-301F-11D3-BF4B-00C04F79EFBC}") = "MissCat", "MissCat\MissCat.csproj", "{8D671814-8B53-4616-97F7-1FBD0A2A0074}"
EndProject
Project("{FAE04EC0-301F-11D3-BF4B-00C04F79EFBC}") = "LongestSequenceofEqual", "LongestSequenceofEqual\LongestSequenceofEqual.csproj", "{282B018E-4258-4E57-8C6B-1781007A2C32}"
EndProject
Project("{FAE04EC0-301F-11D3-BF4B-00C04F79EFBC}") = "LongestIncreasingSequence", "LongestIncreasingSequence\LongestIncreasingSequence.csproj", "{C60B5126-9B60-4ECF-B5E8-C5CD9BF51DBA}"
EndProject
Project("{FAE04EC0-301F-11D3-BF4B-00C04F79EFBC}") = "MaxSum", "MaxSum\MaxSum.csproj", "{EFD27DDB-32BD-4A07-B0BA-5207D0968849}"
EndProject
Project("{FAE04EC0-301F-11D3-BF4B-00C04F79EFBC}") = "MaxSumofSubsequence", "ConsoleApp1\MaxSumofSubsequence.csproj", "{2D4850BF-5959-47BD-9869-327AC9DB849D}"
EndProject
Project("{FAE04EC0-301F-11D3-BF4B-00C04F79EFBC}") = "Circle", "Circle\Circle.csproj", "{DD81A490-29EF-420C-932D-E79560D5F030}"
EndProject
Project("{FAE04EC0-301F-11D3-BF4B-00C04F79EFBC}") = "MostFrequent", "MostFrequent\MostFrequent.csproj", "{A6021186-8F30-4216-A9DA-4E26DD814371}"
EndProject
Project("{FAE04EC0-301F-11D3-BF4B-00C04F79EFBC}") = "Easy", "Easy\Easy.csproj", "{C4F4C564-7960-4A67-92B5-C3018494ECDF}"
EndProject
Project("{FAE04EC0-301F-11D3-BF4B-00C04F79EFBC}") = "Password", "Password\Password.csproj", "{AC88741F-EA9D-4ECD-B279-D317ABD13FB5}"
EndProject
Project("{FAE04EC0-301F-11D3-BF4B-00C04F79EFBC}") = "Numbers", "Numbers\Numbers.csproj", "{33C8FE32-022B-45DB-A259-092FE65347D2}"
EndProject
Project("{FAE04EC0-301F-11D3-BF4B-00C04F79EFBC}") = "BigNumbers", "BigNumbers\BigNumbers.csproj", "{685177D7-2D08-4096-B89E-9DD99E97B0E3}"
EndProject
Project("{FAE04EC0-301F-11D3-BF4B-00C04F79EFBC}") = "Scheme", "Scheme\Scheme.csproj", "{F9F1A625-79F8-41C3-AC5B-27B596225C3D}"
EndProject
Project("{FAE04EC0-301F-11D3-BF4B-00C04F79EFBC}") = "GoodNumbers", "GoodNumbers\GoodNumbers.csproj", "{AAF8E708-F6EB-40EE-B57B-B3F52EDCA5BA}"
EndProject
Project("{FAE04EC0-301F-11D3-BF4B-00C04F79EFBC}") = "DeckOfCards", "DeckOfCards\DeckOfCards.csproj", "{967F9253-AF6D-4455-847E-01073F8F935E}"
EndProject
Project("{FAE04EC0-301F-11D3-BF4B-00C04F79EFBC}") = "Calculate", "Calculate\Calculate.csproj", "{48A2300C-603C-43B4-836C-F4F3BEC59183}"
EndProject
Project("{FAE04EC0-301F-11D3-BF4B-00C04F79EFBC}") = "CalculateAgain", "CalculateAgain\CalculateAgain.csproj", "{9BD37A07-76D9-44BA-8633-9C4DC8967985}"
EndProject
Project("{FAE04EC0-301F-11D3-BF4B-00C04F79EFBC}") = "Kolbi", "Kolbi\Kolbi.csproj", "{86E0A2D4-D58B-4F6E-83DE-5F54E3CBC621}"
EndProject
Project("{FAE04EC0-301F-11D3-BF4B-00C04F79EFBC}") = "SecretMessage", "SecretMessage\SecretMessage.csproj", "{8F51899B-4DC6-44F9-B3B7-C15698F31B85}"
EndProject
Project("{FAE04EC0-301F-11D3-BF4B-00C04F79EFBC}") = "Ranks", "Ranks\Ranks.csproj", "{9C83CE5E-BD0E-468A-9D9F-669108E18088}"
EndProject
Project("{FAE04EC0-301F-11D3-BF4B-00C04F79EFBC}") = "OddorEvenProduct", "OddorEvenProduct\OddorEvenProduct.csproj", "{60A298B0-A54C-4524-ADFF-826F18EE299F}"
EndProject
Project("{FAE04EC0-301F-11D3-BF4B-00C04F79EFBC}") = "BigNumbers2", "ConsoleApp2\BigNumbers2.csproj", "{011DC5CB-64F7-4458-AAF7-EBF0D2DBF7C6}"
EndProject
Project("{FAE04EC0-301F-11D3-BF4B-00C04F79EFBC}") = "MatrixofNumbers", "MatrixofNumbers\MatrixofNumbers.csproj", "{119F6C18-FA93-45CF-8627-BDC5E3740C6C}"
EndProject
Project("{FAE04EC0-301F-11D3-BF4B-00C04F79EFBC}") = "Square Root", "Square Root\Square Root.csproj", "{50EF8D41-D52D-4FD4-A3EE-187132E66501}"
EndProject
Project("{FAE04EC0-301F-11D3-BF4B-00C04F79EFBC}") = "LongSequence", "LongSequence\LongSequence.csproj", "{4D2AD57B-CEE8-4729-A434-EC230D8BF948}"
EndProject
Project("{FAE04EC0-301F-11D3-BF4B-00C04F79EFBC}") = "SpiralMatrix", "SpiralMatrix\SpiralMatrix.csproj", "{A457B2CC-4211-4C6B-BB6B-D4BF21D8993E}"
EndProject
Project("{FAE04EC0-301F-11D3-BF4B-00C04F79EFBC}") = "Tribonacci", "Tribonacci\Tribonacci.csproj", "{547671EB-C3C9-4B82-8427-33F392BA6E80}"
EndProject
Project("{FAE04EC0-301F-11D3-BF4B-00C04F79EFBC}") = "GetLargestNumber", "GetLargestNumber\GetLargestNumber.csproj", "{B09FA79A-DE70-4B97-8303-E262761AFF77}"
EndProject
Project("{FAE04EC0-301F-11D3-BF4B-00C04F79EFBC}") = "AppearanceCount", "AppearanceCount\AppearanceCount.csproj", "{695C0556-EF8F-4D12-B431-01C36D3FEBE6}"
EndProject
Project("{FAE04EC0-301F-11D3-BF4B-00C04F79EFBC}") = "LargestThanNeighbours", "LargestThanNeighbours\LargestThanNeighbours.csproj", "{2FF3910F-1242-4C66-B37B-1AFBCBBD0306}"
EndProject
Project("{FAE04EC0-301F-11D3-BF4B-00C04F79EFBC}") = "FirstLargestThanNeighbors", "FirstLargestThanNeighbors\FirstLargestThanNeighbors.csproj", "{344FC92A-4893-4AC3-BA74-BF11A312F449}"
EndProject
Project("{FAE04EC0-301F-11D3-BF4B-00C04F79EFBC}") = "ReverseNumber", "ReverseNumber\ReverseNumber.csproj", "{FB561247-2CD8-4AE7-A82F-84290BC24FEF}"
EndProject
Project("{FAE04EC0-301F-11D3-BF4B-00C04F79EFBC}") = "Polynomials", "Polynomials\Polynomials.csproj", "{34054AC7-92A6-4AC4-8FD6-3360AF757771}"
EndProject
Project("{FAE04EC0-301F-11D3-BF4B-00C04F79EFBC}") = "MergingAndSquashing", "MergingAndSquashing\MergingAndSquashing.csproj", "{81D3CFC3-C141-4A12-BC50-C73C10BFD229}"
EndProject
Project("{FAE04EC0-301F-11D3-BF4B-00C04F79EFBC}") = "Legs", "Legs\Legs.csproj", "{AABC6124-B98C-4C69-BDE6-27549ABEB4D2}"
EndProject
Project("{FAE04EC0-301F-11D3-BF4B-00C04F79EFBC}") = "SignalfromSpace", "SignalfromSpace\SignalfromSpace.csproj", "{C18DB309-C437-4E0E-8360-95D0581B9567}"
EndProject
Project("{FAE04EC0-301F-11D3-BF4B-00C04F79EFBC}") = "ForestRoad", "ForestRoad\ForestRoad.csproj", "{E1DC0E73-A37B-4997-BD99-A7706F836904}"
EndProject
Project("{FAE04EC0-301F-11D3-BF4B-00C04F79EFBC}") = "MazeRunner", "MazeRunner\MazeRunner.csproj", "{51ADE22A-B5E5-4DE2-9E84-68F3EB9106CB}"
EndProject
Project("{FAE04EC0-301F-11D3-BF4B-00C04F79EFBC}") = "Counting", "Counting\Counting.csproj", "{B2CD3F77-BC37-485C-9A08-15976B90DE5F}"
EndProject
Project("{FAE04EC0-301F-11D3-BF4B-00C04F79EFBC}") = "Chisla", "Chisla\Chisla.csproj", "{7E0B4DAB-E5DA-4BE5-83E2-55393A24BD6E}"
EndProject
Project("{FAE04EC0-301F-11D3-BF4B-00C04F79EFBC}") = "Trapezoid", "Trapezoid\Trapezoid.csproj", "{A4D2A9B9-55FD-408E-B426-AD2D5C5C2232}"
EndProject
Project("{FAE04EC0-301F-11D3-BF4B-00C04F79EFBC}") = "MathExpression", "Math Expression\MathExpression.csproj", "{42BDE783-6787-4F93-95C0-51BF40BBF37E}"
EndProject
Project("{FAE04EC0-301F-11D3-BF4B-00C04F79EFBC}") = "ShipDamage!", "ShipDamage!\ShipDamage!.csproj", "{11C26E2B-2BD6-4D99-8245-3BF98DFD714A}"
EndProject
Project("{FAE04EC0-301F-11D3-BF4B-00C04F79EFBC}") = "Calculate3", "Calculate3\Calculate3.csproj", "{F5B598F3-75A4-433C-A80E-FACF1A09D028}"
EndProject
Project("{FAE04EC0-301F-11D3-BF4B-00C04F79EFBC}") = "CatalanNumbers", "CatalanNumbers\CatalanNumbers.csproj", "{368936AD-44C9-44F3-B4B3-EA34D5CEAD0E}"
EndProject
Project("{FAE04EC0-301F-11D3-BF4B-00C04F79EFBC}") = "Combinations", "Combinations\Combinations.csproj", "{F6CC88B0-99F8-4F46-B4A7-5ACF6CA3804B}"
EndProject
Project("{FAE04EC0-301F-11D3-BF4B-00C04F79EFBC}") = "SymmetricArrays", "SymmetricArrays\SymmetricArrays.csproj", "{CA2DB9C1-E481-4988-AEEB-34A32684DA03}"
EndProject
Project("{FAE04EC0-301F-11D3-BF4B-00C04F79EFBC}") = "A+B", "A+B\A+B.csproj", "{4DFC8517-EC95-4BC8-B3E9-C71B0943B7F9}"
EndProject
Project("{FAE04EC0-301F-11D3-BF4B-00C04F79EFBC}") = "PrimestoN", "PrimestoN\PrimestoN.csproj", "{40425115-5DE0-4AD1-9305-F09A217484C5}"
EndProject
Project("{FAE04EC0-301F-11D3-BF4B-00C04F79EFBC}") = "DecimalToBinary", "DecimalToBinary\DecimalToBinary.csproj", "{C3A2D88A-257F-4EC2-AEE7-A2CC7FB89CA0}"
EndProject
Project("{FAE04EC0-301F-11D3-BF4B-00C04F79EFBC}") = "BinaryToDecimal", "BinaryToDecimal\BinaryToDecimal.csproj", "{3F3ABD42-8C1A-445F-AD17-B67372FD7439}"
EndProject
Project("{FAE04EC0-301F-11D3-BF4B-00C04F79EFBC}") = "DecimalToHex", "DecimalToHex\DecimalToHex.csproj", "{9DB746D2-3DB1-4DBE-991C-A866744A9B37}"
EndProject
Project("{FAE04EC0-301F-11D3-BF4B-00C04F79EFBC}") = "GuessTheDate", "GuessTheDate\GuessTheDate.csproj", "{C174BBC8-1A39-4FC6-A003-C1400BDCC1F7}"
EndProject
Project("{FAE04EC0-301F-11D3-BF4B-00C04F79EFBC}") = "NFactorial", "NFactorial\NFactorial.csproj", "{F18DEFE9-84F7-4268-A2C4-A790E6B1F836}"
EndProject
Project("{FAE04EC0-301F-11D3-BF4B-00C04F79EFBC}") = "PathtoOne", "PathtoOne\PathtoOne.csproj", "{5E23238C-54E4-4C99-983C-374B014C22FD}"
EndProject
Project("{FAE04EC0-301F-11D3-BF4B-00C04F79EFBC}") = "HexToBin", "HexToBin\HexToBin.csproj", "{AA409B14-708F-4C4A-9FFA-6749BB6767E7}"
EndProject
Project("{FAE04EC0-301F-11D3-BF4B-00C04F79EFBC}") = "BigNumbersOriginal", "BigNumbersOriginal\BigNumbersOriginal.csproj", "{285961CF-DD76-4B18-AA09-1218C3EFF17B}"
EndProject
Project("{FAE04EC0-301F-11D3-BF4B-00C04F79EFBC}") = "elmessage", "elmessage\elmessage.csproj", "{7FE22929-02FE-4737-A33D-4D47D9A1B28E}"
EndProject
Project("{FAE04EC0-301F-11D3-BF4B-00C04F79EFBC}") = "Digits", "Digits\Digits.csproj", "{67182367-1FB7-4991-A1C1-8FBD900E034C}"
EndProject
Project("{FAE04EC0-301F-11D3-BF4B-00C04F79EFBC}") = "Change", "Change\Change.csproj", "{82ACACF5-9CEB-43D8-9B60-4F666B070BFC}"
EndProject
Project("{FAE04EC0-301F-11D3-BF4B-00C04F79EFBC}") = "Hotels", "Hotels\Hotels.csproj", "{6F98A39A-CB73-4899-ACF1-715A625C9569}"
EndProject
Project("{FAE04EC0-301F-11D3-BF4B-00C04F79EFBC}") = "Shapes", "Shapes\Shapes.csproj", "{8848B751-D72D-4AF2-A494-03E7796EADCF}"
EndProject
Project("{FAE04EC0-301F-11D3-BF4B-00C04F79EFBC}") = "Windows", "Windows\Windows.csproj", "{CCA7B301-0F24-4C81-9755-498DAD9CF09C}"
EndProject
Project("{FAE04EC0-301F-11D3-BF4B-00C04F79EFBC}") = "Problem1", "Problem1\Problem1.csproj", "{F314E33B-9EE4-4746-B7A6-996749658B30}"
EndProject
Project("{FAE04EC0-301F-11D3-BF4B-00C04F79EFBC}") = "Problem2", "Problem2\Problem2.csproj", "{6C82E79A-813E-402B-83BB-9203002BF116}"
EndProject
Project("{FAE04EC0-301F-11D3-BF4B-00C04F79EFBC}") = "Problem3", "Problem3\Problem3.csproj", "{D124C422-A337-40AA-B558-3C135253D4B8}"
EndProject
Global
	GlobalSection(SolutionConfigurationPlatforms) = preSolution
		Debug|Any CPU = Debug|Any CPU
		Release|Any CPU = Release|Any CPU
	EndGlobalSection
	GlobalSection(ProjectConfigurationPlatforms) = postSolution
		{0F5F277E-3D35-43FB-AD0F-78D156922D8D}.Debug|Any CPU.ActiveCfg = Debug|Any CPU
		{0F5F277E-3D35-43FB-AD0F-78D156922D8D}.Debug|Any CPU.Build.0 = Debug|Any CPU
		{0F5F277E-3D35-43FB-AD0F-78D156922D8D}.Release|Any CPU.ActiveCfg = Release|Any CPU
		{0F5F277E-3D35-43FB-AD0F-78D156922D8D}.Release|Any CPU.Build.0 = Release|Any CPU
		{32A477CE-3D78-4039-A169-827CAD17B802}.Debug|Any CPU.ActiveCfg = Debug|Any CPU
		{32A477CE-3D78-4039-A169-827CAD17B802}.Debug|Any CPU.Build.0 = Debug|Any CPU
		{32A477CE-3D78-4039-A169-827CAD17B802}.Release|Any CPU.ActiveCfg = Release|Any CPU
		{32A477CE-3D78-4039-A169-827CAD17B802}.Release|Any CPU.Build.0 = Release|Any CPU
		{D9B8C418-0DF5-4DB5-807F-2C8CC131F207}.Debug|Any CPU.ActiveCfg = Debug|Any CPU
		{D9B8C418-0DF5-4DB5-807F-2C8CC131F207}.Debug|Any CPU.Build.0 = Debug|Any CPU
		{D9B8C418-0DF5-4DB5-807F-2C8CC131F207}.Release|Any CPU.ActiveCfg = Release|Any CPU
		{D9B8C418-0DF5-4DB5-807F-2C8CC131F207}.Release|Any CPU.Build.0 = Release|Any CPU
		{9433BCBF-758B-4B6B-BA21-1C73DAC144B4}.Debug|Any CPU.ActiveCfg = Debug|Any CPU
		{9433BCBF-758B-4B6B-BA21-1C73DAC144B4}.Debug|Any CPU.Build.0 = Debug|Any CPU
		{9433BCBF-758B-4B6B-BA21-1C73DAC144B4}.Release|Any CPU.ActiveCfg = Release|Any CPU
		{9433BCBF-758B-4B6B-BA21-1C73DAC144B4}.Release|Any CPU.Build.0 = Release|Any CPU
		{A7A4BDD1-0D49-42C0-B891-988697F28D39}.Debug|Any CPU.ActiveCfg = Debug|Any CPU
		{A7A4BDD1-0D49-42C0-B891-988697F28D39}.Debug|Any CPU.Build.0 = Debug|Any CPU
		{A7A4BDD1-0D49-42C0-B891-988697F28D39}.Release|Any CPU.ActiveCfg = Release|Any CPU
		{A7A4BDD1-0D49-42C0-B891-988697F28D39}.Release|Any CPU.Build.0 = Release|Any CPU
		{8D671814-8B53-4616-97F7-1FBD0A2A0074}.Debug|Any CPU.ActiveCfg = Debug|Any CPU
		{8D671814-8B53-4616-97F7-1FBD0A2A0074}.Debug|Any CPU.Build.0 = Debug|Any CPU
		{8D671814-8B53-4616-97F7-1FBD0A2A0074}.Release|Any CPU.ActiveCfg = Release|Any CPU
		{8D671814-8B53-4616-97F7-1FBD0A2A0074}.Release|Any CPU.Build.0 = Release|Any CPU
		{282B018E-4258-4E57-8C6B-1781007A2C32}.Debug|Any CPU.ActiveCfg = Debug|Any CPU
		{282B018E-4258-4E57-8C6B-1781007A2C32}.Debug|Any CPU.Build.0 = Debug|Any CPU
		{282B018E-4258-4E57-8C6B-1781007A2C32}.Release|Any CPU.ActiveCfg = Release|Any CPU
		{282B018E-4258-4E57-8C6B-1781007A2C32}.Release|Any CPU.Build.0 = Release|Any CPU
		{C60B5126-9B60-4ECF-B5E8-C5CD9BF51DBA}.Debug|Any CPU.ActiveCfg = Debug|Any CPU
		{C60B5126-9B60-4ECF-B5E8-C5CD9BF51DBA}.Debug|Any CPU.Build.0 = Debug|Any CPU
		{C60B5126-9B60-4ECF-B5E8-C5CD9BF51DBA}.Release|Any CPU.ActiveCfg = Release|Any CPU
		{C60B5126-9B60-4ECF-B5E8-C5CD9BF51DBA}.Release|Any CPU.Build.0 = Release|Any CPU
		{EFD27DDB-32BD-4A07-B0BA-5207D0968849}.Debug|Any CPU.ActiveCfg = Debug|Any CPU
		{EFD27DDB-32BD-4A07-B0BA-5207D0968849}.Debug|Any CPU.Build.0 = Debug|Any CPU
		{EFD27DDB-32BD-4A07-B0BA-5207D0968849}.Release|Any CPU.ActiveCfg = Release|Any CPU
		{EFD27DDB-32BD-4A07-B0BA-5207D0968849}.Release|Any CPU.Build.0 = Release|Any CPU
		{2D4850BF-5959-47BD-9869-327AC9DB849D}.Debug|Any CPU.ActiveCfg = Debug|Any CPU
		{2D4850BF-5959-47BD-9869-327AC9DB849D}.Debug|Any CPU.Build.0 = Debug|Any CPU
		{2D4850BF-5959-47BD-9869-327AC9DB849D}.Release|Any CPU.ActiveCfg = Release|Any CPU
		{2D4850BF-5959-47BD-9869-327AC9DB849D}.Release|Any CPU.Build.0 = Release|Any CPU
		{DD81A490-29EF-420C-932D-E79560D5F030}.Debug|Any CPU.ActiveCfg = Debug|Any CPU
		{DD81A490-29EF-420C-932D-E79560D5F030}.Debug|Any CPU.Build.0 = Debug|Any CPU
		{DD81A490-29EF-420C-932D-E79560D5F030}.Release|Any CPU.ActiveCfg = Release|Any CPU
		{DD81A490-29EF-420C-932D-E79560D5F030}.Release|Any CPU.Build.0 = Release|Any CPU
		{A6021186-8F30-4216-A9DA-4E26DD814371}.Debug|Any CPU.ActiveCfg = Debug|Any CPU
		{A6021186-8F30-4216-A9DA-4E26DD814371}.Debug|Any CPU.Build.0 = Debug|Any CPU
		{A6021186-8F30-4216-A9DA-4E26DD814371}.Release|Any CPU.ActiveCfg = Release|Any CPU
		{A6021186-8F30-4216-A9DA-4E26DD814371}.Release|Any CPU.Build.0 = Release|Any CPU
		{C4F4C564-7960-4A67-92B5-C3018494ECDF}.Debug|Any CPU.ActiveCfg = Debug|Any CPU
		{C4F4C564-7960-4A67-92B5-C3018494ECDF}.Debug|Any CPU.Build.0 = Debug|Any CPU
		{C4F4C564-7960-4A67-92B5-C3018494ECDF}.Release|Any CPU.ActiveCfg = Release|Any CPU
		{C4F4C564-7960-4A67-92B5-C3018494ECDF}.Release|Any CPU.Build.0 = Release|Any CPU
		{AC88741F-EA9D-4ECD-B279-D317ABD13FB5}.Debug|Any CPU.ActiveCfg = Debug|Any CPU
		{AC88741F-EA9D-4ECD-B279-D317ABD13FB5}.Debug|Any CPU.Build.0 = Debug|Any CPU
		{AC88741F-EA9D-4ECD-B279-D317ABD13FB5}.Release|Any CPU.ActiveCfg = Release|Any CPU
		{AC88741F-EA9D-4ECD-B279-D317ABD13FB5}.Release|Any CPU.Build.0 = Release|Any CPU
		{33C8FE32-022B-45DB-A259-092FE65347D2}.Debug|Any CPU.ActiveCfg = Debug|Any CPU
		{33C8FE32-022B-45DB-A259-092FE65347D2}.Debug|Any CPU.Build.0 = Debug|Any CPU
		{33C8FE32-022B-45DB-A259-092FE65347D2}.Release|Any CPU.ActiveCfg = Release|Any CPU
		{33C8FE32-022B-45DB-A259-092FE65347D2}.Release|Any CPU.Build.0 = Release|Any CPU
		{685177D7-2D08-4096-B89E-9DD99E97B0E3}.Debug|Any CPU.ActiveCfg = Debug|Any CPU
		{685177D7-2D08-4096-B89E-9DD99E97B0E3}.Debug|Any CPU.Build.0 = Debug|Any CPU
		{685177D7-2D08-4096-B89E-9DD99E97B0E3}.Release|Any CPU.ActiveCfg = Release|Any CPU
		{685177D7-2D08-4096-B89E-9DD99E97B0E3}.Release|Any CPU.Build.0 = Release|Any CPU
		{F9F1A625-79F8-41C3-AC5B-27B596225C3D}.Debug|Any CPU.ActiveCfg = Debug|Any CPU
		{F9F1A625-79F8-41C3-AC5B-27B596225C3D}.Debug|Any CPU.Build.0 = Debug|Any CPU
		{F9F1A625-79F8-41C3-AC5B-27B596225C3D}.Release|Any CPU.ActiveCfg = Release|Any CPU
		{F9F1A625-79F8-41C3-AC5B-27B596225C3D}.Release|Any CPU.Build.0 = Release|Any CPU
		{AAF8E708-F6EB-40EE-B57B-B3F52EDCA5BA}.Debug|Any CPU.ActiveCfg = Debug|Any CPU
		{AAF8E708-F6EB-40EE-B57B-B3F52EDCA5BA}.Debug|Any CPU.Build.0 = Debug|Any CPU
		{AAF8E708-F6EB-40EE-B57B-B3F52EDCA5BA}.Release|Any CPU.ActiveCfg = Release|Any CPU
		{AAF8E708-F6EB-40EE-B57B-B3F52EDCA5BA}.Release|Any CPU.Build.0 = Release|Any CPU
		{967F9253-AF6D-4455-847E-01073F8F935E}.Debug|Any CPU.ActiveCfg = Debug|Any CPU
		{967F9253-AF6D-4455-847E-01073F8F935E}.Debug|Any CPU.Build.0 = Debug|Any CPU
		{967F9253-AF6D-4455-847E-01073F8F935E}.Release|Any CPU.ActiveCfg = Release|Any CPU
		{967F9253-AF6D-4455-847E-01073F8F935E}.Release|Any CPU.Build.0 = Release|Any CPU
		{48A2300C-603C-43B4-836C-F4F3BEC59183}.Debug|Any CPU.ActiveCfg = Debug|Any CPU
		{48A2300C-603C-43B4-836C-F4F3BEC59183}.Debug|Any CPU.Build.0 = Debug|Any CPU
		{48A2300C-603C-43B4-836C-F4F3BEC59183}.Release|Any CPU.ActiveCfg = Release|Any CPU
		{48A2300C-603C-43B4-836C-F4F3BEC59183}.Release|Any CPU.Build.0 = Release|Any CPU
		{9BD37A07-76D9-44BA-8633-9C4DC8967985}.Debug|Any CPU.ActiveCfg = Debug|Any CPU
		{9BD37A07-76D9-44BA-8633-9C4DC8967985}.Debug|Any CPU.Build.0 = Debug|Any CPU
		{9BD37A07-76D9-44BA-8633-9C4DC8967985}.Release|Any CPU.ActiveCfg = Release|Any CPU
		{9BD37A07-76D9-44BA-8633-9C4DC8967985}.Release|Any CPU.Build.0 = Release|Any CPU
		{86E0A2D4-D58B-4F6E-83DE-5F54E3CBC621}.Debug|Any CPU.ActiveCfg = Debug|Any CPU
		{86E0A2D4-D58B-4F6E-83DE-5F54E3CBC621}.Debug|Any CPU.Build.0 = Debug|Any CPU
		{86E0A2D4-D58B-4F6E-83DE-5F54E3CBC621}.Release|Any CPU.ActiveCfg = Release|Any CPU
		{86E0A2D4-D58B-4F6E-83DE-5F54E3CBC621}.Release|Any CPU.Build.0 = Release|Any CPU
		{8F51899B-4DC6-44F9-B3B7-C15698F31B85}.Debug|Any CPU.ActiveCfg = Debug|Any CPU
		{8F51899B-4DC6-44F9-B3B7-C15698F31B85}.Debug|Any CPU.Build.0 = Debug|Any CPU
		{8F51899B-4DC6-44F9-B3B7-C15698F31B85}.Release|Any CPU.ActiveCfg = Release|Any CPU
		{8F51899B-4DC6-44F9-B3B7-C15698F31B85}.Release|Any CPU.Build.0 = Release|Any CPU
		{9C83CE5E-BD0E-468A-9D9F-669108E18088}.Debug|Any CPU.ActiveCfg = Debug|Any CPU
		{9C83CE5E-BD0E-468A-9D9F-669108E18088}.Debug|Any CPU.Build.0 = Debug|Any CPU
		{9C83CE5E-BD0E-468A-9D9F-669108E18088}.Release|Any CPU.ActiveCfg = Release|Any CPU
		{9C83CE5E-BD0E-468A-9D9F-669108E18088}.Release|Any CPU.Build.0 = Release|Any CPU
		{60A298B0-A54C-4524-ADFF-826F18EE299F}.Debug|Any CPU.ActiveCfg = Debug|Any CPU
		{60A298B0-A54C-4524-ADFF-826F18EE299F}.Debug|Any CPU.Build.0 = Debug|Any CPU
		{60A298B0-A54C-4524-ADFF-826F18EE299F}.Release|Any CPU.ActiveCfg = Release|Any CPU
		{60A298B0-A54C-4524-ADFF-826F18EE299F}.Release|Any CPU.Build.0 = Release|Any CPU
		{011DC5CB-64F7-4458-AAF7-EBF0D2DBF7C6}.Debug|Any CPU.ActiveCfg = Debug|Any CPU
		{011DC5CB-64F7-4458-AAF7-EBF0D2DBF7C6}.Debug|Any CPU.Build.0 = Debug|Any CPU
		{011DC5CB-64F7-4458-AAF7-EBF0D2DBF7C6}.Release|Any CPU.ActiveCfg = Release|Any CPU
		{011DC5CB-64F7-4458-AAF7-EBF0D2DBF7C6}.Release|Any CPU.Build.0 = Release|Any CPU
		{119F6C18-FA93-45CF-8627-BDC5E3740C6C}.Debug|Any CPU.ActiveCfg = Debug|Any CPU
		{119F6C18-FA93-45CF-8627-BDC5E3740C6C}.Debug|Any CPU.Build.0 = Debug|Any CPU
		{119F6C18-FA93-45CF-8627-BDC5E3740C6C}.Release|Any CPU.ActiveCfg = Release|Any CPU
		{119F6C18-FA93-45CF-8627-BDC5E3740C6C}.Release|Any CPU.Build.0 = Release|Any CPU
		{50EF8D41-D52D-4FD4-A3EE-187132E66501}.Debug|Any CPU.ActiveCfg = Debug|Any CPU
		{50EF8D41-D52D-4FD4-A3EE-187132E66501}.Debug|Any CPU.Build.0 = Debug|Any CPU
		{50EF8D41-D52D-4FD4-A3EE-187132E66501}.Release|Any CPU.ActiveCfg = Release|Any CPU
		{50EF8D41-D52D-4FD4-A3EE-187132E66501}.Release|Any CPU.Build.0 = Release|Any CPU
		{4D2AD57B-CEE8-4729-A434-EC230D8BF948}.Debug|Any CPU.ActiveCfg = Debug|Any CPU
		{4D2AD57B-CEE8-4729-A434-EC230D8BF948}.Debug|Any CPU.Build.0 = Debug|Any CPU
		{4D2AD57B-CEE8-4729-A434-EC230D8BF948}.Release|Any CPU.ActiveCfg = Release|Any CPU
		{4D2AD57B-CEE8-4729-A434-EC230D8BF948}.Release|Any CPU.Build.0 = Release|Any CPU
		{A457B2CC-4211-4C6B-BB6B-D4BF21D8993E}.Debug|Any CPU.ActiveCfg = Debug|Any CPU
		{A457B2CC-4211-4C6B-BB6B-D4BF21D8993E}.Debug|Any CPU.Build.0 = Debug|Any CPU
		{A457B2CC-4211-4C6B-BB6B-D4BF21D8993E}.Release|Any CPU.ActiveCfg = Release|Any CPU
		{A457B2CC-4211-4C6B-BB6B-D4BF21D8993E}.Release|Any CPU.Build.0 = Release|Any CPU
		{547671EB-C3C9-4B82-8427-33F392BA6E80}.Debug|Any CPU.ActiveCfg = Debug|Any CPU
		{547671EB-C3C9-4B82-8427-33F392BA6E80}.Debug|Any CPU.Build.0 = Debug|Any CPU
		{547671EB-C3C9-4B82-8427-33F392BA6E80}.Release|Any CPU.ActiveCfg = Release|Any CPU
		{547671EB-C3C9-4B82-8427-33F392BA6E80}.Release|Any CPU.Build.0 = Release|Any CPU
		{B09FA79A-DE70-4B97-8303-E262761AFF77}.Debug|Any CPU.ActiveCfg = Debug|Any CPU
		{B09FA79A-DE70-4B97-8303-E262761AFF77}.Debug|Any CPU.Build.0 = Debug|Any CPU
		{B09FA79A-DE70-4B97-8303-E262761AFF77}.Release|Any CPU.ActiveCfg = Release|Any CPU
		{B09FA79A-DE70-4B97-8303-E262761AFF77}.Release|Any CPU.Build.0 = Release|Any CPU
		{695C0556-EF8F-4D12-B431-01C36D3FEBE6}.Debug|Any CPU.ActiveCfg = Debug|Any CPU
		{695C0556-EF8F-4D12-B431-01C36D3FEBE6}.Debug|Any CPU.Build.0 = Debug|Any CPU
		{695C0556-EF8F-4D12-B431-01C36D3FEBE6}.Release|Any CPU.ActiveCfg = Release|Any CPU
		{695C0556-EF8F-4D12-B431-01C36D3FEBE6}.Release|Any CPU.Build.0 = Release|Any CPU
		{2FF3910F-1242-4C66-B37B-1AFBCBBD0306}.Debug|Any CPU.ActiveCfg = Debug|Any CPU
		{2FF3910F-1242-4C66-B37B-1AFBCBBD0306}.Debug|Any CPU.Build.0 = Debug|Any CPU
		{2FF3910F-1242-4C66-B37B-1AFBCBBD0306}.Release|Any CPU.ActiveCfg = Release|Any CPU
		{2FF3910F-1242-4C66-B37B-1AFBCBBD0306}.Release|Any CPU.Build.0 = Release|Any CPU
		{344FC92A-4893-4AC3-BA74-BF11A312F449}.Debug|Any CPU.ActiveCfg = Debug|Any CPU
		{344FC92A-4893-4AC3-BA74-BF11A312F449}.Debug|Any CPU.Build.0 = Debug|Any CPU
		{344FC92A-4893-4AC3-BA74-BF11A312F449}.Release|Any CPU.ActiveCfg = Release|Any CPU
		{344FC92A-4893-4AC3-BA74-BF11A312F449}.Release|Any CPU.Build.0 = Release|Any CPU
		{FB561247-2CD8-4AE7-A82F-84290BC24FEF}.Debug|Any CPU.ActiveCfg = Debug|Any CPU
		{FB561247-2CD8-4AE7-A82F-84290BC24FEF}.Debug|Any CPU.Build.0 = Debug|Any CPU
		{FB561247-2CD8-4AE7-A82F-84290BC24FEF}.Release|Any CPU.ActiveCfg = Release|Any CPU
		{FB561247-2CD8-4AE7-A82F-84290BC24FEF}.Release|Any CPU.Build.0 = Release|Any CPU
		{34054AC7-92A6-4AC4-8FD6-3360AF757771}.Debug|Any CPU.ActiveCfg = Debug|Any CPU
		{34054AC7-92A6-4AC4-8FD6-3360AF757771}.Debug|Any CPU.Build.0 = Debug|Any CPU
		{34054AC7-92A6-4AC4-8FD6-3360AF757771}.Release|Any CPU.ActiveCfg = Release|Any CPU
		{34054AC7-92A6-4AC4-8FD6-3360AF757771}.Release|Any CPU.Build.0 = Release|Any CPU
		{81D3CFC3-C141-4A12-BC50-C73C10BFD229}.Debug|Any CPU.ActiveCfg = Debug|Any CPU
		{81D3CFC3-C141-4A12-BC50-C73C10BFD229}.Debug|Any CPU.Build.0 = Debug|Any CPU
		{81D3CFC3-C141-4A12-BC50-C73C10BFD229}.Release|Any CPU.ActiveCfg = Release|Any CPU
		{81D3CFC3-C141-4A12-BC50-C73C10BFD229}.Release|Any CPU.Build.0 = Release|Any CPU
		{AABC6124-B98C-4C69-BDE6-27549ABEB4D2}.Debug|Any CPU.ActiveCfg = Debug|Any CPU
		{AABC6124-B98C-4C69-BDE6-27549ABEB4D2}.Debug|Any CPU.Build.0 = Debug|Any CPU
		{AABC6124-B98C-4C69-BDE6-27549ABEB4D2}.Release|Any CPU.ActiveCfg = Release|Any CPU
		{AABC6124-B98C-4C69-BDE6-27549ABEB4D2}.Release|Any CPU.Build.0 = Release|Any CPU
		{C18DB309-C437-4E0E-8360-95D0581B9567}.Debug|Any CPU.ActiveCfg = Debug|Any CPU
		{C18DB309-C437-4E0E-8360-95D0581B9567}.Debug|Any CPU.Build.0 = Debug|Any CPU
		{C18DB309-C437-4E0E-8360-95D0581B9567}.Release|Any CPU.ActiveCfg = Release|Any CPU
		{C18DB309-C437-4E0E-8360-95D0581B9567}.Release|Any CPU.Build.0 = Release|Any CPU
		{E1DC0E73-A37B-4997-BD99-A7706F836904}.Debug|Any CPU.ActiveCfg = Debug|Any CPU
		{E1DC0E73-A37B-4997-BD99-A7706F836904}.Debug|Any CPU.Build.0 = Debug|Any CPU
		{E1DC0E73-A37B-4997-BD99-A7706F836904}.Release|Any CPU.ActiveCfg = Release|Any CPU
		{E1DC0E73-A37B-4997-BD99-A7706F836904}.Release|Any CPU.Build.0 = Release|Any CPU
		{51ADE22A-B5E5-4DE2-9E84-68F3EB9106CB}.Debug|Any CPU.ActiveCfg = Debug|Any CPU
		{51ADE22A-B5E5-4DE2-9E84-68F3EB9106CB}.Debug|Any CPU.Build.0 = Debug|Any CPU
		{51ADE22A-B5E5-4DE2-9E84-68F3EB9106CB}.Release|Any CPU.ActiveCfg = Release|Any CPU
		{51ADE22A-B5E5-4DE2-9E84-68F3EB9106CB}.Release|Any CPU.Build.0 = Release|Any CPU
		{B2CD3F77-BC37-485C-9A08-15976B90DE5F}.Debug|Any CPU.ActiveCfg = Debug|Any CPU
		{B2CD3F77-BC37-485C-9A08-15976B90DE5F}.Debug|Any CPU.Build.0 = Debug|Any CPU
		{B2CD3F77-BC37-485C-9A08-15976B90DE5F}.Release|Any CPU.ActiveCfg = Release|Any CPU
		{B2CD3F77-BC37-485C-9A08-15976B90DE5F}.Release|Any CPU.Build.0 = Release|Any CPU
		{7E0B4DAB-E5DA-4BE5-83E2-55393A24BD6E}.Debug|Any CPU.ActiveCfg = Debug|Any CPU
		{7E0B4DAB-E5DA-4BE5-83E2-55393A24BD6E}.Debug|Any CPU.Build.0 = Debug|Any CPU
		{7E0B4DAB-E5DA-4BE5-83E2-55393A24BD6E}.Release|Any CPU.ActiveCfg = Release|Any CPU
		{7E0B4DAB-E5DA-4BE5-83E2-55393A24BD6E}.Release|Any CPU.Build.0 = Release|Any CPU
		{A4D2A9B9-55FD-408E-B426-AD2D5C5C2232}.Debug|Any CPU.ActiveCfg = Debug|Any CPU
		{A4D2A9B9-55FD-408E-B426-AD2D5C5C2232}.Debug|Any CPU.Build.0 = Debug|Any CPU
		{A4D2A9B9-55FD-408E-B426-AD2D5C5C2232}.Release|Any CPU.ActiveCfg = Release|Any CPU
		{A4D2A9B9-55FD-408E-B426-AD2D5C5C2232}.Release|Any CPU.Build.0 = Release|Any CPU
		{42BDE783-6787-4F93-95C0-51BF40BBF37E}.Debug|Any CPU.ActiveCfg = Debug|Any CPU
		{42BDE783-6787-4F93-95C0-51BF40BBF37E}.Debug|Any CPU.Build.0 = Debug|Any CPU
		{42BDE783-6787-4F93-95C0-51BF40BBF37E}.Release|Any CPU.ActiveCfg = Release|Any CPU
		{42BDE783-6787-4F93-95C0-51BF40BBF37E}.Release|Any CPU.Build.0 = Release|Any CPU
		{11C26E2B-2BD6-4D99-8245-3BF98DFD714A}.Debug|Any CPU.ActiveCfg = Debug|Any CPU
		{11C26E2B-2BD6-4D99-8245-3BF98DFD714A}.Debug|Any CPU.Build.0 = Debug|Any CPU
		{11C26E2B-2BD6-4D99-8245-3BF98DFD714A}.Release|Any CPU.ActiveCfg = Release|Any CPU
		{11C26E2B-2BD6-4D99-8245-3BF98DFD714A}.Release|Any CPU.Build.0 = Release|Any CPU
		{F5B598F3-75A4-433C-A80E-FACF1A09D028}.Debug|Any CPU.ActiveCfg = Debug|Any CPU
		{F5B598F3-75A4-433C-A80E-FACF1A09D028}.Debug|Any CPU.Build.0 = Debug|Any CPU
		{F5B598F3-75A4-433C-A80E-FACF1A09D028}.Release|Any CPU.ActiveCfg = Release|Any CPU
		{F5B598F3-75A4-433C-A80E-FACF1A09D028}.Release|Any CPU.Build.0 = Release|Any CPU
		{368936AD-44C9-44F3-B4B3-EA34D5CEAD0E}.Debug|Any CPU.ActiveCfg = Debug|Any CPU
		{368936AD-44C9-44F3-B4B3-EA34D5CEAD0E}.Debug|Any CPU.Build.0 = Debug|Any CPU
		{368936AD-44C9-44F3-B4B3-EA34D5CEAD0E}.Release|Any CPU.ActiveCfg = Release|Any CPU
		{368936AD-44C9-44F3-B4B3-EA34D5CEAD0E}.Release|Any CPU.Build.0 = Release|Any CPU
		{F6CC88B0-99F8-4F46-B4A7-5ACF6CA3804B}.Debug|Any CPU.ActiveCfg = Debug|Any CPU
		{F6CC88B0-99F8-4F46-B4A7-5ACF6CA3804B}.Debug|Any CPU.Build.0 = Debug|Any CPU
		{F6CC88B0-99F8-4F46-B4A7-5ACF6CA3804B}.Release|Any CPU.ActiveCfg = Release|Any CPU
		{F6CC88B0-99F8-4F46-B4A7-5ACF6CA3804B}.Release|Any CPU.Build.0 = Release|Any CPU
		{CA2DB9C1-E481-4988-AEEB-34A32684DA03}.Debug|Any CPU.ActiveCfg = Debug|Any CPU
		{CA2DB9C1-E481-4988-AEEB-34A32684DA03}.Debug|Any CPU.Build.0 = Debug|Any CPU
		{CA2DB9C1-E481-4988-AEEB-34A32684DA03}.Release|Any CPU.ActiveCfg = Release|Any CPU
		{CA2DB9C1-E481-4988-AEEB-34A32684DA03}.Release|Any CPU.Build.0 = Release|Any CPU
		{4DFC8517-EC95-4BC8-B3E9-C71B0943B7F9}.Debug|Any CPU.ActiveCfg = Debug|Any CPU
		{4DFC8517-EC95-4BC8-B3E9-C71B0943B7F9}.Debug|Any CPU.Build.0 = Debug|Any CPU
		{4DFC8517-EC95-4BC8-B3E9-C71B0943B7F9}.Release|Any CPU.ActiveCfg = Release|Any CPU
		{4DFC8517-EC95-4BC8-B3E9-C71B0943B7F9}.Release|Any CPU.Build.0 = Release|Any CPU
		{40425115-5DE0-4AD1-9305-F09A217484C5}.Debug|Any CPU.ActiveCfg = Debug|Any CPU
		{40425115-5DE0-4AD1-9305-F09A217484C5}.Debug|Any CPU.Build.0 = Debug|Any CPU
		{40425115-5DE0-4AD1-9305-F09A217484C5}.Release|Any CPU.ActiveCfg = Release|Any CPU
		{40425115-5DE0-4AD1-9305-F09A217484C5}.Release|Any CPU.Build.0 = Release|Any CPU
		{C3A2D88A-257F-4EC2-AEE7-A2CC7FB89CA0}.Debug|Any CPU.ActiveCfg = Debug|Any CPU
		{C3A2D88A-257F-4EC2-AEE7-A2CC7FB89CA0}.Debug|Any CPU.Build.0 = Debug|Any CPU
		{C3A2D88A-257F-4EC2-AEE7-A2CC7FB89CA0}.Release|Any CPU.ActiveCfg = Release|Any CPU
		{C3A2D88A-257F-4EC2-AEE7-A2CC7FB89CA0}.Release|Any CPU.Build.0 = Release|Any CPU
		{3F3ABD42-8C1A-445F-AD17-B67372FD7439}.Debug|Any CPU.ActiveCfg = Debug|Any CPU
		{3F3ABD42-8C1A-445F-AD17-B67372FD7439}.Debug|Any CPU.Build.0 = Debug|Any CPU
		{3F3ABD42-8C1A-445F-AD17-B67372FD7439}.Release|Any CPU.ActiveCfg = Release|Any CPU
		{3F3ABD42-8C1A-445F-AD17-B67372FD7439}.Release|Any CPU.Build.0 = Release|Any CPU
		{9DB746D2-3DB1-4DBE-991C-A866744A9B37}.Debug|Any CPU.ActiveCfg = Debug|Any CPU
		{9DB746D2-3DB1-4DBE-991C-A866744A9B37}.Debug|Any CPU.Build.0 = Debug|Any CPU
		{9DB746D2-3DB1-4DBE-991C-A866744A9B37}.Release|Any CPU.ActiveCfg = Release|Any CPU
		{9DB746D2-3DB1-4DBE-991C-A866744A9B37}.Release|Any CPU.Build.0 = Release|Any CPU
		{C174BBC8-1A39-4FC6-A003-C1400BDCC1F7}.Debug|Any CPU.ActiveCfg = Debug|Any CPU
		{C174BBC8-1A39-4FC6-A003-C1400BDCC1F7}.Debug|Any CPU.Build.0 = Debug|Any CPU
		{C174BBC8-1A39-4FC6-A003-C1400BDCC1F7}.Release|Any CPU.ActiveCfg = Release|Any CPU
		{C174BBC8-1A39-4FC6-A003-C1400BDCC1F7}.Release|Any CPU.Build.0 = Release|Any CPU
		{F18DEFE9-84F7-4268-A2C4-A790E6B1F836}.Debug|Any CPU.ActiveCfg = Debug|Any CPU
		{F18DEFE9-84F7-4268-A2C4-A790E6B1F836}.Debug|Any CPU.Build.0 = Debug|Any CPU
		{F18DEFE9-84F7-4268-A2C4-A790E6B1F836}.Release|Any CPU.ActiveCfg = Release|Any CPU
		{F18DEFE9-84F7-4268-A2C4-A790E6B1F836}.Release|Any CPU.Build.0 = Release|Any CPU
		{5E23238C-54E4-4C99-983C-374B014C22FD}.Debug|Any CPU.ActiveCfg = Debug|Any CPU
		{5E23238C-54E4-4C99-983C-374B014C22FD}.Debug|Any CPU.Build.0 = Debug|Any CPU
		{5E23238C-54E4-4C99-983C-374B014C22FD}.Release|Any CPU.ActiveCfg = Release|Any CPU
		{5E23238C-54E4-4C99-983C-374B014C22FD}.Release|Any CPU.Build.0 = Release|Any CPU
		{AA409B14-708F-4C4A-9FFA-6749BB6767E7}.Debug|Any CPU.ActiveCfg = Debug|Any CPU
		{AA409B14-708F-4C4A-9FFA-6749BB6767E7}.Debug|Any CPU.Build.0 = Debug|Any CPU
		{AA409B14-708F-4C4A-9FFA-6749BB6767E7}.Release|Any CPU.ActiveCfg = Release|Any CPU
		{AA409B14-708F-4C4A-9FFA-6749BB6767E7}.Release|Any CPU.Build.0 = Release|Any CPU
		{285961CF-DD76-4B18-AA09-1218C3EFF17B}.Debug|Any CPU.ActiveCfg = Debug|Any CPU
		{285961CF-DD76-4B18-AA09-1218C3EFF17B}.Debug|Any CPU.Build.0 = Debug|Any CPU
		{285961CF-DD76-4B18-AA09-1218C3EFF17B}.Release|Any CPU.ActiveCfg = Release|Any CPU
		{285961CF-DD76-4B18-AA09-1218C3EFF17B}.Release|Any CPU.Build.0 = Release|Any CPU
		{7FE22929-02FE-4737-A33D-4D47D9A1B28E}.Debug|Any CPU.ActiveCfg = Debug|Any CPU
		{7FE22929-02FE-4737-A33D-4D47D9A1B28E}.Debug|Any CPU.Build.0 = Debug|Any CPU
		{7FE22929-02FE-4737-A33D-4D47D9A1B28E}.Release|Any CPU.ActiveCfg = Release|Any CPU
		{7FE22929-02FE-4737-A33D-4D47D9A1B28E}.Release|Any CPU.Build.0 = Release|Any CPU
		{67182367-1FB7-4991-A1C1-8FBD900E034C}.Debug|Any CPU.ActiveCfg = Debug|Any CPU
		{67182367-1FB7-4991-A1C1-8FBD900E034C}.Debug|Any CPU.Build.0 = Debug|Any CPU
		{67182367-1FB7-4991-A1C1-8FBD900E034C}.Release|Any CPU.ActiveCfg = Release|Any CPU
		{67182367-1FB7-4991-A1C1-8FBD900E034C}.Release|Any CPU.Build.0 = Release|Any CPU
		{82ACACF5-9CEB-43D8-9B60-4F666B070BFC}.Debug|Any CPU.ActiveCfg = Debug|Any CPU
		{82ACACF5-9CEB-43D8-9B60-4F666B070BFC}.Debug|Any CPU.Build.0 = Debug|Any CPU
		{82ACACF5-9CEB-43D8-9B60-4F666B070BFC}.Release|Any CPU.ActiveCfg = Release|Any CPU
		{82ACACF5-9CEB-43D8-9B60-4F666B070BFC}.Release|Any CPU.Build.0 = Release|Any CPU
		{6F98A39A-CB73-4899-ACF1-715A625C9569}.Debug|Any CPU.ActiveCfg = Debug|Any CPU
		{6F98A39A-CB73-4899-ACF1-715A625C9569}.Debug|Any CPU.Build.0 = Debug|Any CPU
		{6F98A39A-CB73-4899-ACF1-715A625C9569}.Release|Any CPU.ActiveCfg = Release|Any CPU
		{6F98A39A-CB73-4899-ACF1-715A625C9569}.Release|Any CPU.Build.0 = Release|Any CPU
		{8848B751-D72D-4AF2-A494-03E7796EADCF}.Debug|Any CPU.ActiveCfg = Debug|Any CPU
		{8848B751-D72D-4AF2-A494-03E7796EADCF}.Debug|Any CPU.Build.0 = Debug|Any CPU
		{8848B751-D72D-4AF2-A494-03E7796EADCF}.Release|Any CPU.ActiveCfg = Release|Any CPU
		{8848B751-D72D-4AF2-A494-03E7796EADCF}.Release|Any CPU.Build.0 = Release|Any CPU
		{CCA7B301-0F24-4C81-9755-498DAD9CF09C}.Debug|Any CPU.ActiveCfg = Debug|Any CPU
		{CCA7B301-0F24-4C81-9755-498DAD9CF09C}.Debug|Any CPU.Build.0 = Debug|Any CPU
		{CCA7B301-0F24-4C81-9755-498DAD9CF09C}.Release|Any CPU.ActiveCfg = Release|Any CPU
		{CCA7B301-0F24-4C81-9755-498DAD9CF09C}.Release|Any CPU.Build.0 = Release|Any CPU
		{F314E33B-9EE4-4746-B7A6-996749658B30}.Debug|Any CPU.ActiveCfg = Debug|Any CPU
		{F314E33B-9EE4-4746-B7A6-996749658B30}.Debug|Any CPU.Build.0 = Debug|Any CPU
		{F314E33B-9EE4-4746-B7A6-996749658B30}.Release|Any CPU.ActiveCfg = Release|Any CPU
		{F314E33B-9EE4-4746-B7A6-996749658B30}.Release|Any CPU.Build.0 = Release|Any CPU
		{6C82E79A-813E-402B-83BB-9203002BF116}.Debug|Any CPU.ActiveCfg = Debug|Any CPU
		{6C82E79A-813E-402B-83BB-9203002BF116}.Debug|Any CPU.Build.0 = Debug|Any CPU
		{6C82E79A-813E-402B-83BB-9203002BF116}.Release|Any CPU.ActiveCfg = Release|Any CPU
		{6C82E79A-813E-402B-83BB-9203002BF116}.Release|Any CPU.Build.0 = Release|Any CPU
		{D124C422-A337-40AA-B558-3C135253D4B8}.Debug|Any CPU.ActiveCfg = Debug|Any CPU
		{D124C422-A337-40AA-B558-3C135253D4B8}.Debug|Any CPU.Build.0 = Debug|Any CPU
		{D124C422-A337-40AA-B558-3C135253D4B8}.Release|Any CPU.ActiveCfg = Release|Any CPU
		{D124C422-A337-40AA-B558-3C135253D4B8}.Release|Any CPU.Build.0 = Release|Any CPU
	EndGlobalSection
	GlobalSection(SolutionProperties) = preSolution
		HideSolutionNode = FALSE
	EndGlobalSection
	GlobalSection(ExtensibilityGlobals) = postSolution
		SolutionGuid = {C5E40760-FED0-481C-8989-53EC8114B63F}
	EndGlobalSection
EndGlobal
